
Microsoft Visual Studio Solution File, Format Version 12.00
# Visual Studio 15
VisualStudioVersion = 15.0.28010.2046
MinimumVisualStudioVersion = 10.0.40219.1
Project("{2150E333-8FDC-42A3-9474-1A3956D46DE8}") = "01.ASP.NET Core 2.1 基础入门", "01.ASP.NET Core 2.1 基础入门", "{35FC99F5-3CDC-408B-8999-F340BB75C63B}"
EndProject
Project("{9A19103F-16F7-4668-BE54-9A1E7A4F7556}") = "ConsoleApp1", "ConsoleApp1\ConsoleApp1.csproj", "{54269501-CF49-4039-8726-4D4638C06E18}"
EndProject
Project("{2150E333-8FDC-42A3-9474-1A3956D46DE8}") = "05 Configuration的底层", "05 Configuration的底层", "{A6D635D1-256F-4CA3-9269-F3D263229894}"
EndProject
Project("{2150E333-8FDC-42A3-9474-1A3956D46DE8}") = "06 CollectionService", "06 CollectionService", "{996718D0-9D14-48FC-B198-68083C4BE42C}"
EndProject
Project("{FAE04EC0-301F-11D3-BF4B-00C04F79EFBC}") = "ConsoleApp2", "ConsoleApp2\ConsoleApp2.csproj", "{7F131D9C-DBBB-4503-98A6-898EF2E3CDA0}"
EndProject
Global
	GlobalSection(SolutionConfigurationPlatforms) = preSolution
		Debug|Any CPU = Debug|Any CPU
		Release|Any CPU = Release|Any CPU
	EndGlobalSection
	GlobalSection(ProjectConfigurationPlatforms) = postSolution
		{54269501-CF49-4039-8726-4D4638C06E18}.Debug|Any CPU.ActiveCfg = Debug|Any CPU
		{54269501-CF49-4039-8726-4D4638C06E18}.Debug|Any CPU.Build.0 = Debug|Any CPU
		{54269501-CF49-4039-8726-4D4638C06E18}.Release|Any CPU.ActiveCfg = Release|Any CPU
		{54269501-CF49-4039-8726-4D4638C06E18}.Release|Any CPU.Build.0 = Release|Any CPU
		{7F131D9C-DBBB-4503-98A6-898EF2E3CDA0}.Debug|Any CPU.ActiveCfg = Debug|Any CPU
		{7F131D9C-DBBB-4503-98A6-898EF2E3CDA0}.Debug|Any CPU.Build.0 = Debug|Any CPU
		{7F131D9C-DBBB-4503-98A6-898EF2E3CDA0}.Release|Any CPU.ActiveCfg = Release|Any CPU
		{7F131D9C-DBBB-4503-98A6-898EF2E3CDA0}.Release|Any CPU.Build.0 = Release|Any CPU
	EndGlobalSection
	GlobalSection(SolutionProperties) = preSolution
		HideSolutionNode = FALSE
	EndGlobalSection
	GlobalSection(NestedProjects) = preSolution
		{54269501-CF49-4039-8726-4D4638C06E18} = {A6D635D1-256F-4CA3-9269-F3D263229894}
		{A6D635D1-256F-4CA3-9269-F3D263229894} = {35FC99F5-3CDC-408B-8999-F340BB75C63B}
		{996718D0-9D14-48FC-B198-68083C4BE42C} = {35FC99F5-3CDC-408B-8999-F340BB75C63B}
		{7F131D9C-DBBB-4503-98A6-898EF2E3CDA0} = {996718D0-9D14-48FC-B198-68083C4BE42C}
	EndGlobalSection
	GlobalSection(ExtensibilityGlobals) = postSolution
		SolutionGuid = {10C38A22-1476-48FD-9928-D7DDDD178FD2}
	EndGlobalSection
EndGlobal
