
Microsoft Visual Studio Solution File, Format Version 12.00
# Visual Studio 15
VisualStudioVersion = 15.0.28010.2046
MinimumVisualStudioVersion = 10.0.40219.1
Project("{2150E333-8FDC-42A3-9474-1A3956D46DE8}") = "01.ASP.NET Core 2.1 基础入门", "01.ASP.NET Core 2.1 基础入门", "{35FC99F5-3CDC-408B-8999-F340BB75C63B}"
EndProject
Project("{9A19103F-16F7-4668-BE54-9A1E7A4F7556}") = "ConsoleApp1", "ConsoleApp1\ConsoleApp1.csproj", "{54269501-CF49-4039-8726-4D4638C06E18}"
EndProject
Project("{2150E333-8FDC-42A3-9474-1A3956D46DE8}") = "05 Configuration的底层", "05 Configuration的底层", "{A6D635D1-256F-4CA3-9269-F3D263229894}"
EndProject
Project("{2150E333-8FDC-42A3-9474-1A3956D46DE8}") = "06 CollectionService", "06 CollectionService", "{996718D0-9D14-48FC-B198-68083C4BE42C}"
EndProject
Project("{9A19103F-16F7-4668-BE54-9A1E7A4F7556}") = "ConsoleApp2", "ConsoleApp2\ConsoleApp2.csproj", "{7F131D9C-DBBB-4503-98A6-898EF2E3CDA0}"
EndProject
Project("{2150E333-8FDC-42A3-9474-1A3956D46DE8}") = "07 AOP AspectCore", "07 AOP AspectCore", "{6228C73E-E0B2-4C07-80BA-27FE54D608BC}"
EndProject
Project("{9A19103F-16F7-4668-BE54-9A1E7A4F7556}") = "ConsoleApp3", "ConsoleApp3\ConsoleApp3.csproj", "{3C629043-F3F8-4BD8-ACA2-3DC855256CC7}"
EndProject
Project("{2150E333-8FDC-42A3-9474-1A3956D46DE8}") = "08 MemoryCache", "08 MemoryCache", "{E39DE808-7E90-441B-A6FF-97489C6ED294}"
EndProject
Project("{9A19103F-16F7-4668-BE54-9A1E7A4F7556}") = "ConsoleApp4", "ConsoleApp4\ConsoleApp4.csproj", "{6285DBC4-7D4C-481F-B872-A4409810019F}"
EndProject
Project("{2150E333-8FDC-42A3-9474-1A3956D46DE8}") = "09 Redis MongoDB", "09 Redis MongoDB", "{71BFD820-0394-4395-9D4C-EE10DBE0DC9E}"
EndProject
Project("{9A19103F-16F7-4668-BE54-9A1E7A4F7556}") = "ConsoleApp5", "ConsoleApp5\ConsoleApp5.csproj", "{B1141412-96DD-4DCC-8415-1A661ED54323}"
EndProject
Project("{2150E333-8FDC-42A3-9474-1A3956D46DE8}") = "10 Mysql.Data Dapper", "10 Mysql.Data Dapper", "{4D38C7E1-9C9B-4EB2-BFB5-6FC9AFF1E774}"
EndProject
Project("{9A19103F-16F7-4668-BE54-9A1E7A4F7556}") = "ConsoleApp6", "ConsoleApp6\ConsoleApp6.csproj", "{4D3B4BB9-B97D-40AC-AC15-4B46EAE49E4E}"
EndProject
Project("{2150E333-8FDC-42A3-9474-1A3956D46DE8}") = "11 使用nohup,supervisord部署CentOS", "11 使用nohup,supervisord部署CentOS", "{53CA9BE2-1C81-4895-B05E-D165C1451D74}"
EndProject
Project("{9A19103F-16F7-4668-BE54-9A1E7A4F7556}") = "ConsoleApp7", "ConsoleApp7\ConsoleApp7.csproj", "{F213D5B2-5A45-4332-9D34-EE76878910CE}"
EndProject
Project("{9A19103F-16F7-4668-BE54-9A1E7A4F7556}") = "ConsoleApp7_Common", "ConsoleApp7_Common\ConsoleApp7_Common.csproj", "{0F17468F-6CDD-4BAC-B16B-B06C9B86BAC9}"
EndProject
Global
	GlobalSection(SolutionConfigurationPlatforms) = preSolution
		Debug|Any CPU = Debug|Any CPU
		Release|Any CPU = Release|Any CPU
	EndGlobalSection
	GlobalSection(ProjectConfigurationPlatforms) = postSolution
		{54269501-CF49-4039-8726-4D4638C06E18}.Debug|Any CPU.ActiveCfg = Debug|Any CPU
		{54269501-CF49-4039-8726-4D4638C06E18}.Debug|Any CPU.Build.0 = Debug|Any CPU
		{54269501-CF49-4039-8726-4D4638C06E18}.Release|Any CPU.ActiveCfg = Release|Any CPU
		{54269501-CF49-4039-8726-4D4638C06E18}.Release|Any CPU.Build.0 = Release|Any CPU
		{7F131D9C-DBBB-4503-98A6-898EF2E3CDA0}.Debug|Any CPU.ActiveCfg = Debug|Any CPU
		{7F131D9C-DBBB-4503-98A6-898EF2E3CDA0}.Debug|Any CPU.Build.0 = Debug|Any CPU
		{7F131D9C-DBBB-4503-98A6-898EF2E3CDA0}.Release|Any CPU.ActiveCfg = Release|Any CPU
		{7F131D9C-DBBB-4503-98A6-898EF2E3CDA0}.Release|Any CPU.Build.0 = Release|Any CPU
		{3C629043-F3F8-4BD8-ACA2-3DC855256CC7}.Debug|Any CPU.ActiveCfg = Debug|Any CPU
		{3C629043-F3F8-4BD8-ACA2-3DC855256CC7}.Debug|Any CPU.Build.0 = Debug|Any CPU
		{3C629043-F3F8-4BD8-ACA2-3DC855256CC7}.Release|Any CPU.ActiveCfg = Release|Any CPU
		{3C629043-F3F8-4BD8-ACA2-3DC855256CC7}.Release|Any CPU.Build.0 = Release|Any CPU
		{6285DBC4-7D4C-481F-B872-A4409810019F}.Debug|Any CPU.ActiveCfg = Debug|Any CPU
		{6285DBC4-7D4C-481F-B872-A4409810019F}.Debug|Any CPU.Build.0 = Debug|Any CPU
		{6285DBC4-7D4C-481F-B872-A4409810019F}.Release|Any CPU.ActiveCfg = Release|Any CPU
		{6285DBC4-7D4C-481F-B872-A4409810019F}.Release|Any CPU.Build.0 = Release|Any CPU
		{B1141412-96DD-4DCC-8415-1A661ED54323}.Debug|Any CPU.ActiveCfg = Debug|Any CPU
		{B1141412-96DD-4DCC-8415-1A661ED54323}.Debug|Any CPU.Build.0 = Debug|Any CPU
		{B1141412-96DD-4DCC-8415-1A661ED54323}.Release|Any CPU.ActiveCfg = Release|Any CPU
		{B1141412-96DD-4DCC-8415-1A661ED54323}.Release|Any CPU.Build.0 = Release|Any CPU
		{4D3B4BB9-B97D-40AC-AC15-4B46EAE49E4E}.Debug|Any CPU.ActiveCfg = Debug|Any CPU
		{4D3B4BB9-B97D-40AC-AC15-4B46EAE49E4E}.Debug|Any CPU.Build.0 = Debug|Any CPU
		{4D3B4BB9-B97D-40AC-AC15-4B46EAE49E4E}.Release|Any CPU.ActiveCfg = Release|Any CPU
		{4D3B4BB9-B97D-40AC-AC15-4B46EAE49E4E}.Release|Any CPU.Build.0 = Release|Any CPU
		{F213D5B2-5A45-4332-9D34-EE76878910CE}.Debug|Any CPU.ActiveCfg = Debug|Any CPU
		{F213D5B2-5A45-4332-9D34-EE76878910CE}.Debug|Any CPU.Build.0 = Debug|Any CPU
		{F213D5B2-5A45-4332-9D34-EE76878910CE}.Release|Any CPU.ActiveCfg = Release|Any CPU
		{F213D5B2-5A45-4332-9D34-EE76878910CE}.Release|Any CPU.Build.0 = Release|Any CPU
		{0F17468F-6CDD-4BAC-B16B-B06C9B86BAC9}.Debug|Any CPU.ActiveCfg = Debug|Any CPU
		{0F17468F-6CDD-4BAC-B16B-B06C9B86BAC9}.Debug|Any CPU.Build.0 = Debug|Any CPU
		{0F17468F-6CDD-4BAC-B16B-B06C9B86BAC9}.Release|Any CPU.ActiveCfg = Release|Any CPU
		{0F17468F-6CDD-4BAC-B16B-B06C9B86BAC9}.Release|Any CPU.Build.0 = Release|Any CPU
	EndGlobalSection
	GlobalSection(SolutionProperties) = preSolution
		HideSolutionNode = FALSE
	EndGlobalSection
	GlobalSection(NestedProjects) = preSolution
		{54269501-CF49-4039-8726-4D4638C06E18} = {A6D635D1-256F-4CA3-9269-F3D263229894}
		{A6D635D1-256F-4CA3-9269-F3D263229894} = {35FC99F5-3CDC-408B-8999-F340BB75C63B}
		{996718D0-9D14-48FC-B198-68083C4BE42C} = {35FC99F5-3CDC-408B-8999-F340BB75C63B}
		{7F131D9C-DBBB-4503-98A6-898EF2E3CDA0} = {996718D0-9D14-48FC-B198-68083C4BE42C}
		{6228C73E-E0B2-4C07-80BA-27FE54D608BC} = {35FC99F5-3CDC-408B-8999-F340BB75C63B}
		{3C629043-F3F8-4BD8-ACA2-3DC855256CC7} = {6228C73E-E0B2-4C07-80BA-27FE54D608BC}
		{E39DE808-7E90-441B-A6FF-97489C6ED294} = {35FC99F5-3CDC-408B-8999-F340BB75C63B}
		{6285DBC4-7D4C-481F-B872-A4409810019F} = {E39DE808-7E90-441B-A6FF-97489C6ED294}
		{71BFD820-0394-4395-9D4C-EE10DBE0DC9E} = {35FC99F5-3CDC-408B-8999-F340BB75C63B}
		{B1141412-96DD-4DCC-8415-1A661ED54323} = {71BFD820-0394-4395-9D4C-EE10DBE0DC9E}
		{4D38C7E1-9C9B-4EB2-BFB5-6FC9AFF1E774} = {35FC99F5-3CDC-408B-8999-F340BB75C63B}
		{4D3B4BB9-B97D-40AC-AC15-4B46EAE49E4E} = {4D38C7E1-9C9B-4EB2-BFB5-6FC9AFF1E774}
		{53CA9BE2-1C81-4895-B05E-D165C1451D74} = {35FC99F5-3CDC-408B-8999-F340BB75C63B}
		{F213D5B2-5A45-4332-9D34-EE76878910CE} = {53CA9BE2-1C81-4895-B05E-D165C1451D74}
		{0F17468F-6CDD-4BAC-B16B-B06C9B86BAC9} = {53CA9BE2-1C81-4895-B05E-D165C1451D74}
	EndGlobalSection
	GlobalSection(ExtensibilityGlobals) = postSolution
		SolutionGuid = {10C38A22-1476-48FD-9928-D7DDDD178FD2}
	EndGlobalSection
EndGlobal
