
Microsoft Visual Studio Solution File, Format Version 12.00
# Visual Studio 15
VisualStudioVersion = 15.0.28010.2046
MinimumVisualStudioVersion = 10.0.40219.1
Project("{2150E333-8FDC-42A3-9474-1A3956D46DE8}") = "01.ASP.NET Core 2.1 基础入门", "01.ASP.NET Core 2.1 基础入门", "{35FC99F5-3CDC-408B-8999-F340BB75C63B}"
EndProject
Project("{9A19103F-16F7-4668-BE54-9A1E7A4F7556}") = "ConsoleApp1", "ConsoleApp1\ConsoleApp1.csproj", "{54269501-CF49-4039-8726-4D4638C06E18}"
EndProject
Project("{2150E333-8FDC-42A3-9474-1A3956D46DE8}") = "05 Configuration的底层", "05 Configuration的底层", "{A6D635D1-256F-4CA3-9269-F3D263229894}"
EndProject
Project("{2150E333-8FDC-42A3-9474-1A3956D46DE8}") = "06 CollectionService", "06 CollectionService", "{996718D0-9D14-48FC-B198-68083C4BE42C}"
EndProject
Project("{9A19103F-16F7-4668-BE54-9A1E7A4F7556}") = "ConsoleApp2", "ConsoleApp2\ConsoleApp2.csproj", "{7F131D9C-DBBB-4503-98A6-898EF2E3CDA0}"
EndProject
Project("{2150E333-8FDC-42A3-9474-1A3956D46DE8}") = "07 AOP AspectCore", "07 AOP AspectCore", "{6228C73E-E0B2-4C07-80BA-27FE54D608BC}"
EndProject
Project("{9A19103F-16F7-4668-BE54-9A1E7A4F7556}") = "ConsoleApp3", "ConsoleApp3\ConsoleApp3.csproj", "{3C629043-F3F8-4BD8-ACA2-3DC855256CC7}"
EndProject
Project("{2150E333-8FDC-42A3-9474-1A3956D46DE8}") = "08 MemoryCache", "08 MemoryCache", "{E39DE808-7E90-441B-A6FF-97489C6ED294}"
EndProject
Project("{9A19103F-16F7-4668-BE54-9A1E7A4F7556}") = "ConsoleApp4", "ConsoleApp4\ConsoleApp4.csproj", "{6285DBC4-7D4C-481F-B872-A4409810019F}"
EndProject
Project("{2150E333-8FDC-42A3-9474-1A3956D46DE8}") = "09 Redis MongoDB", "09 Redis MongoDB", "{71BFD820-0394-4395-9D4C-EE10DBE0DC9E}"
EndProject
Project("{9A19103F-16F7-4668-BE54-9A1E7A4F7556}") = "ConsoleApp5", "ConsoleApp5\ConsoleApp5.csproj", "{B1141412-96DD-4DCC-8415-1A661ED54323}"
EndProject
Project("{2150E333-8FDC-42A3-9474-1A3956D46DE8}") = "10 Mysql.Data Dapper", "10 Mysql.Data Dapper", "{4D38C7E1-9C9B-4EB2-BFB5-6FC9AFF1E774}"
EndProject
Project("{9A19103F-16F7-4668-BE54-9A1E7A4F7556}") = "ConsoleApp6", "ConsoleApp6\ConsoleApp6.csproj", "{4D3B4BB9-B97D-40AC-AC15-4B46EAE49E4E}"
EndProject
Project("{2150E333-8FDC-42A3-9474-1A3956D46DE8}") = "11 使用nohup,supervisord部署CentOS", "11 使用nohup,supervisord部署CentOS", "{53CA9BE2-1C81-4895-B05E-D165C1451D74}"
EndProject
Project("{9A19103F-16F7-4668-BE54-9A1E7A4F7556}") = "ConsoleApp7", "ConsoleApp7\ConsoleApp7.csproj", "{F213D5B2-5A45-4332-9D34-EE76878910CE}"
EndProject
Project("{9A19103F-16F7-4668-BE54-9A1E7A4F7556}") = "ConsoleApp7_Common", "ConsoleApp7_Common\ConsoleApp7_Common.csproj", "{0F17468F-6CDD-4BAC-B16B-B06C9B86BAC9}"
EndProject
Project("{2150E333-8FDC-42A3-9474-1A3956D46DE8}") = "13 Socket封装http", "13 Socket封装http", "{C0B18206-CF2C-403B-A6D7-28CCD30B4DF0}"
EndProject
Project("{9A19103F-16F7-4668-BE54-9A1E7A4F7556}") = "ConsoleApp8", "ConsoleApp8\ConsoleApp8.csproj", "{B20D30F9-1CB9-4719-AB35-474DAA913F6B}"
EndProject
Project("{2150E333-8FDC-42A3-9474-1A3956D46DE8}") = "15 Middleware", "15 Middleware", "{E5DD812D-3D96-410F-9E90-00248491742C}"
EndProject
Project("{9A19103F-16F7-4668-BE54-9A1E7A4F7556}") = "WebApplication1", "WebApplication1\WebApplication1.csproj", "{056A7919-3005-48AA-A4EC-CEFA6ECE7B27}"
EndProject
Project("{2150E333-8FDC-42A3-9474-1A3956D46DE8}") = "17 Map MapWhen UseWhen", "17 Map MapWhen UseWhen", "{6A2C5E56-6F64-4D61-9752-A448F34FF81D}"
EndProject
Project("{9A19103F-16F7-4668-BE54-9A1E7A4F7556}") = "WebApplication3", "WebApplication3\WebApplication3.csproj", "{6698A64D-A4DB-4A2A-A85F-232E8635BDD1}"
EndProject
Project("{2150E333-8FDC-42A3-9474-1A3956D46DE8}") = "18 Urls", "18 Urls", "{74264770-163D-4327-8C24-8C9D50E509DC}"
EndProject
Project("{9A19103F-16F7-4668-BE54-9A1E7A4F7556}") = "WebApplication2", "WebApplication2\WebApplication2.csproj", "{B3BDC643-6163-4402-9E84-002FF8326B22}"
EndProject
Project("{2150E333-8FDC-42A3-9474-1A3956D46DE8}") = "19 Polly", "19 Polly", "{0CB3EA43-80F8-4848-BE70-D264650160F6}"
EndProject
Project("{9A19103F-16F7-4668-BE54-9A1E7A4F7556}") = "ConsoleApp9", "ConsoleApp9\ConsoleApp9.csproj", "{BCB36152-F04C-4FEE-9A54-6739FF07D182}"
EndProject
Project("{2150E333-8FDC-42A3-9474-1A3956D46DE8}") = "20 out", "20 out", "{E325A68C-C4F4-409B-ADCE-383E588F56AF}"
EndProject
Project("{9A19103F-16F7-4668-BE54-9A1E7A4F7556}") = "ConsoleApp10", "ConsoleApp10\ConsoleApp10.csproj", "{8847964A-E6D9-4469-9072-0307DFE0ED11}"
EndProject
Project("{2150E333-8FDC-42A3-9474-1A3956D46DE8}") = "02.ASP.NET Core 2.1 MVC高级", "02.ASP.NET Core 2.1 MVC高级", "{835E6AB8-FBFC-47C0-89EF-84A00D827EA2}"
EndProject
Project("{2150E333-8FDC-42A3-9474-1A3956D46DE8}") = "01 Area", "01 Area", "{03FFB844-2DD6-4AB0-ABA3-D571ADA99FEE}"
EndProject
Project("{9A19103F-16F7-4668-BE54-9A1E7A4F7556}") = "Lesson1", "Lesson1\Lesson1.csproj", "{90EEDEE2-1CC1-4EFB-9B37-9C50471A53F4}"
EndProject
Project("{2150E333-8FDC-42A3-9474-1A3956D46DE8}") = "02 TagHelper", "02 TagHelper", "{A83EC192-B2F4-45FD-B1B0-46D3C83880FD}"
EndProject
Project("{9A19103F-16F7-4668-BE54-9A1E7A4F7556}") = "Lesson2", "Lesson2\Lesson2.csproj", "{E401ABAD-BCB9-4159-90E0-2910DAF4B0EA}"
EndProject
Project("{2150E333-8FDC-42A3-9474-1A3956D46DE8}") = "03 View（视图组件）", "03 View（视图组件）", "{EC763B0B-E555-490F-A51C-D714AD323459}"
EndProject
Project("{9A19103F-16F7-4668-BE54-9A1E7A4F7556}") = "Lesson3", "Lesson3\Lesson3.csproj", "{CAF5FD94-C491-47E3-9E2F-B0B59E5037DD}"
EndProject
Project("{2150E333-8FDC-42A3-9474-1A3956D46DE8}") = "04 Filter", "04 Filter", "{4524C211-35DF-404F-857A-5C3F3A5C070A}"
EndProject
Project("{9A19103F-16F7-4668-BE54-9A1E7A4F7556}") = "Lesson4", "Lesson4\Lesson4.csproj", "{674F432B-B4A1-4A3B-8F81-26F3AE38A4D8}"
EndProject
Project("{2150E333-8FDC-42A3-9474-1A3956D46DE8}") = "05 RazorPage", "05 RazorPage", "{2A9035D0-C276-42DF-9D62-FA303DFF23AE}"
EndProject
Project("{9A19103F-16F7-4668-BE54-9A1E7A4F7556}") = "Lesson5", "Lesson5\Lesson5.csproj", "{9D197EE5-5894-4326-8865-366AA789F454}"
EndProject
Project("{9A19103F-16F7-4668-BE54-9A1E7A4F7556}") = "Lesson5_Filter", "Lesson5_Filter\Lesson5_Filter.csproj", "{344C48CD-DB50-4071-8C32-5885486CE68E}"
EndProject
Project("{2150E333-8FDC-42A3-9474-1A3956D46DE8}") = "06 Middleware", "06 Middleware", "{3B860F11-FF02-447A-B3A9-6FCDE06FD650}"
EndProject
Project("{9A19103F-16F7-4668-BE54-9A1E7A4F7556}") = "Lesson6", "Lesson6\Lesson6.csproj", "{CA8410E2-EE0B-432D-A669-F3F184F9471C}"
EndProject
Project("{2150E333-8FDC-42A3-9474-1A3956D46DE8}") = "07 Dependency Injection", "07 Dependency Injection", "{9E299438-0819-4821-9B6A-E15AF1508A19}"
EndProject
Project("{9A19103F-16F7-4668-BE54-9A1E7A4F7556}") = "Lesson7", "Lesson7\Lesson7.csproj", "{3B5AD639-B8FE-4B0B-BAED-8A51D75D1633}"
EndProject
Project("{2150E333-8FDC-42A3-9474-1A3956D46DE8}") = "08 Configuration", "08 Configuration", "{329D577E-65F2-479D-9D7D-AF5757DD48F7}"
EndProject
Project("{9A19103F-16F7-4668-BE54-9A1E7A4F7556}") = "Lesson8", "Lesson8\Lesson8.csproj", "{1F5C989C-A979-44FB-911F-8632BD9FE858}"
EndProject
Project("{2150E333-8FDC-42A3-9474-1A3956D46DE8}") = "09 权限控制", "09 权限控制", "{2A39968F-C056-4354-A9A8-043DE0DB7714}"
EndProject
Project("{9A19103F-16F7-4668-BE54-9A1E7A4F7556}") = "Leeson9", "Leeson9\Leeson9.csproj", "{13A0DA3C-E7BB-489B-B03C-8D0ACCE77841}"
EndProject
Project("{2150E333-8FDC-42A3-9474-1A3956D46DE8}") = "10 自定义模型绑定", "10 自定义模型绑定", "{35324187-7707-4956-BE08-00E6FCA05EB2}"
EndProject
Project("{9A19103F-16F7-4668-BE54-9A1E7A4F7556}") = "Lesson10", "Lesson10\Lesson10.csproj", "{CA9613F1-7053-4CB4-8D92-7DF16E7A8AB5}"
EndProject
Project("{2150E333-8FDC-42A3-9474-1A3956D46DE8}") = "11 全局错误处理", "11 全局错误处理", "{B0943CC5-41FA-4DCB-A0AC-D289C1C17A6C}"
EndProject
Project("{9A19103F-16F7-4668-BE54-9A1E7A4F7556}") = "Lesson11", "Lesson11\Lesson11.csproj", "{7971CB0D-94C8-4E9B-85A7-21655360DD83}"
EndProject
Project("{2150E333-8FDC-42A3-9474-1A3956D46DE8}") = "12 日志", "12 日志", "{EBC99BF6-FE5C-4A4D-93E2-3E1A2B4D6F60}"
EndProject
Project("{9A19103F-16F7-4668-BE54-9A1E7A4F7556}") = "Lesson12", "Lesson12\Lesson12.csproj", "{EDCACC00-7B30-4732-8435-27ADC9DB50DA}"
EndProject
Project("{FAE04EC0-301F-11D3-BF4B-00C04F79EFBC}") = "链家爬虫", "链家爬虫\链家爬虫.csproj", "{574678E9-25AF-4CBF-95C6-F1D2394E738D}"
EndProject
Project("{2150E333-8FDC-42A3-9474-1A3956D46DE8}") = "03 新闻项目", "03 新闻项目", "{1709AA53-2077-4613-A7FF-9CB552B43280}"
EndProject
Project("{9A19103F-16F7-4668-BE54-9A1E7A4F7556}") = "NewsPublish.Web", "NewsPublish.Web\NewsPublish.Web.csproj", "{313DEA91-BC56-46E5-A4DB-DE1B52BFE93E}"
EndProject
Project("{FAE04EC0-301F-11D3-BF4B-00C04F79EFBC}") = "NewsPublish.Model", "NewsPublish.Model\NewsPublish.Model.csproj", "{13BC328C-E448-42F4-A2BF-1BF89F714F67}"
EndProject
Project("{FAE04EC0-301F-11D3-BF4B-00C04F79EFBC}") = "NewsPublish.Service", "NewsPublish.Service\NewsPublish.Service.csproj", "{FEDFFBE5-CE01-4B92-90EE-1D7D11B35097}"
EndProject
Global
	GlobalSection(SolutionConfigurationPlatforms) = preSolution
		Debug|Any CPU = Debug|Any CPU
		Release|Any CPU = Release|Any CPU
	EndGlobalSection
	GlobalSection(ProjectConfigurationPlatforms) = postSolution
		{54269501-CF49-4039-8726-4D4638C06E18}.Debug|Any CPU.ActiveCfg = Debug|Any CPU
		{54269501-CF49-4039-8726-4D4638C06E18}.Debug|Any CPU.Build.0 = Debug|Any CPU
		{54269501-CF49-4039-8726-4D4638C06E18}.Release|Any CPU.ActiveCfg = Release|Any CPU
		{54269501-CF49-4039-8726-4D4638C06E18}.Release|Any CPU.Build.0 = Release|Any CPU
		{7F131D9C-DBBB-4503-98A6-898EF2E3CDA0}.Debug|Any CPU.ActiveCfg = Debug|Any CPU
		{7F131D9C-DBBB-4503-98A6-898EF2E3CDA0}.Debug|Any CPU.Build.0 = Debug|Any CPU
		{7F131D9C-DBBB-4503-98A6-898EF2E3CDA0}.Release|Any CPU.ActiveCfg = Release|Any CPU
		{7F131D9C-DBBB-4503-98A6-898EF2E3CDA0}.Release|Any CPU.Build.0 = Release|Any CPU
		{3C629043-F3F8-4BD8-ACA2-3DC855256CC7}.Debug|Any CPU.ActiveCfg = Debug|Any CPU
		{3C629043-F3F8-4BD8-ACA2-3DC855256CC7}.Debug|Any CPU.Build.0 = Debug|Any CPU
		{3C629043-F3F8-4BD8-ACA2-3DC855256CC7}.Release|Any CPU.ActiveCfg = Release|Any CPU
		{3C629043-F3F8-4BD8-ACA2-3DC855256CC7}.Release|Any CPU.Build.0 = Release|Any CPU
		{6285DBC4-7D4C-481F-B872-A4409810019F}.Debug|Any CPU.ActiveCfg = Debug|Any CPU
		{6285DBC4-7D4C-481F-B872-A4409810019F}.Debug|Any CPU.Build.0 = Debug|Any CPU
		{6285DBC4-7D4C-481F-B872-A4409810019F}.Release|Any CPU.ActiveCfg = Release|Any CPU
		{6285DBC4-7D4C-481F-B872-A4409810019F}.Release|Any CPU.Build.0 = Release|Any CPU
		{B1141412-96DD-4DCC-8415-1A661ED54323}.Debug|Any CPU.ActiveCfg = Debug|Any CPU
		{B1141412-96DD-4DCC-8415-1A661ED54323}.Debug|Any CPU.Build.0 = Debug|Any CPU
		{B1141412-96DD-4DCC-8415-1A661ED54323}.Release|Any CPU.ActiveCfg = Release|Any CPU
		{B1141412-96DD-4DCC-8415-1A661ED54323}.Release|Any CPU.Build.0 = Release|Any CPU
		{4D3B4BB9-B97D-40AC-AC15-4B46EAE49E4E}.Debug|Any CPU.ActiveCfg = Debug|Any CPU
		{4D3B4BB9-B97D-40AC-AC15-4B46EAE49E4E}.Debug|Any CPU.Build.0 = Debug|Any CPU
		{4D3B4BB9-B97D-40AC-AC15-4B46EAE49E4E}.Release|Any CPU.ActiveCfg = Release|Any CPU
		{4D3B4BB9-B97D-40AC-AC15-4B46EAE49E4E}.Release|Any CPU.Build.0 = Release|Any CPU
		{F213D5B2-5A45-4332-9D34-EE76878910CE}.Debug|Any CPU.ActiveCfg = Debug|Any CPU
		{F213D5B2-5A45-4332-9D34-EE76878910CE}.Debug|Any CPU.Build.0 = Debug|Any CPU
		{F213D5B2-5A45-4332-9D34-EE76878910CE}.Release|Any CPU.ActiveCfg = Release|Any CPU
		{F213D5B2-5A45-4332-9D34-EE76878910CE}.Release|Any CPU.Build.0 = Release|Any CPU
		{0F17468F-6CDD-4BAC-B16B-B06C9B86BAC9}.Debug|Any CPU.ActiveCfg = Debug|Any CPU
		{0F17468F-6CDD-4BAC-B16B-B06C9B86BAC9}.Debug|Any CPU.Build.0 = Debug|Any CPU
		{0F17468F-6CDD-4BAC-B16B-B06C9B86BAC9}.Release|Any CPU.ActiveCfg = Release|Any CPU
		{0F17468F-6CDD-4BAC-B16B-B06C9B86BAC9}.Release|Any CPU.Build.0 = Release|Any CPU
		{B20D30F9-1CB9-4719-AB35-474DAA913F6B}.Debug|Any CPU.ActiveCfg = Debug|Any CPU
		{B20D30F9-1CB9-4719-AB35-474DAA913F6B}.Debug|Any CPU.Build.0 = Debug|Any CPU
		{B20D30F9-1CB9-4719-AB35-474DAA913F6B}.Release|Any CPU.ActiveCfg = Release|Any CPU
		{B20D30F9-1CB9-4719-AB35-474DAA913F6B}.Release|Any CPU.Build.0 = Release|Any CPU
		{056A7919-3005-48AA-A4EC-CEFA6ECE7B27}.Debug|Any CPU.ActiveCfg = Debug|Any CPU
		{056A7919-3005-48AA-A4EC-CEFA6ECE7B27}.Debug|Any CPU.Build.0 = Debug|Any CPU
		{056A7919-3005-48AA-A4EC-CEFA6ECE7B27}.Release|Any CPU.ActiveCfg = Release|Any CPU
		{056A7919-3005-48AA-A4EC-CEFA6ECE7B27}.Release|Any CPU.Build.0 = Release|Any CPU
		{6698A64D-A4DB-4A2A-A85F-232E8635BDD1}.Debug|Any CPU.ActiveCfg = Debug|Any CPU
		{6698A64D-A4DB-4A2A-A85F-232E8635BDD1}.Debug|Any CPU.Build.0 = Debug|Any CPU
		{6698A64D-A4DB-4A2A-A85F-232E8635BDD1}.Release|Any CPU.ActiveCfg = Release|Any CPU
		{6698A64D-A4DB-4A2A-A85F-232E8635BDD1}.Release|Any CPU.Build.0 = Release|Any CPU
		{B3BDC643-6163-4402-9E84-002FF8326B22}.Debug|Any CPU.ActiveCfg = Debug|Any CPU
		{B3BDC643-6163-4402-9E84-002FF8326B22}.Debug|Any CPU.Build.0 = Debug|Any CPU
		{B3BDC643-6163-4402-9E84-002FF8326B22}.Release|Any CPU.ActiveCfg = Release|Any CPU
		{B3BDC643-6163-4402-9E84-002FF8326B22}.Release|Any CPU.Build.0 = Release|Any CPU
		{BCB36152-F04C-4FEE-9A54-6739FF07D182}.Debug|Any CPU.ActiveCfg = Debug|Any CPU
		{BCB36152-F04C-4FEE-9A54-6739FF07D182}.Debug|Any CPU.Build.0 = Debug|Any CPU
		{BCB36152-F04C-4FEE-9A54-6739FF07D182}.Release|Any CPU.ActiveCfg = Release|Any CPU
		{BCB36152-F04C-4FEE-9A54-6739FF07D182}.Release|Any CPU.Build.0 = Release|Any CPU
		{8847964A-E6D9-4469-9072-0307DFE0ED11}.Debug|Any CPU.ActiveCfg = Debug|Any CPU
		{8847964A-E6D9-4469-9072-0307DFE0ED11}.Debug|Any CPU.Build.0 = Debug|Any CPU
		{8847964A-E6D9-4469-9072-0307DFE0ED11}.Release|Any CPU.ActiveCfg = Release|Any CPU
		{8847964A-E6D9-4469-9072-0307DFE0ED11}.Release|Any CPU.Build.0 = Release|Any CPU
		{90EEDEE2-1CC1-4EFB-9B37-9C50471A53F4}.Debug|Any CPU.ActiveCfg = Debug|Any CPU
		{90EEDEE2-1CC1-4EFB-9B37-9C50471A53F4}.Debug|Any CPU.Build.0 = Debug|Any CPU
		{90EEDEE2-1CC1-4EFB-9B37-9C50471A53F4}.Release|Any CPU.ActiveCfg = Release|Any CPU
		{90EEDEE2-1CC1-4EFB-9B37-9C50471A53F4}.Release|Any CPU.Build.0 = Release|Any CPU
		{E401ABAD-BCB9-4159-90E0-2910DAF4B0EA}.Debug|Any CPU.ActiveCfg = Debug|Any CPU
		{E401ABAD-BCB9-4159-90E0-2910DAF4B0EA}.Debug|Any CPU.Build.0 = Debug|Any CPU
		{E401ABAD-BCB9-4159-90E0-2910DAF4B0EA}.Release|Any CPU.ActiveCfg = Release|Any CPU
		{E401ABAD-BCB9-4159-90E0-2910DAF4B0EA}.Release|Any CPU.Build.0 = Release|Any CPU
		{CAF5FD94-C491-47E3-9E2F-B0B59E5037DD}.Debug|Any CPU.ActiveCfg = Debug|Any CPU
		{CAF5FD94-C491-47E3-9E2F-B0B59E5037DD}.Debug|Any CPU.Build.0 = Debug|Any CPU
		{CAF5FD94-C491-47E3-9E2F-B0B59E5037DD}.Release|Any CPU.ActiveCfg = Release|Any CPU
		{CAF5FD94-C491-47E3-9E2F-B0B59E5037DD}.Release|Any CPU.Build.0 = Release|Any CPU
		{674F432B-B4A1-4A3B-8F81-26F3AE38A4D8}.Debug|Any CPU.ActiveCfg = Debug|Any CPU
		{674F432B-B4A1-4A3B-8F81-26F3AE38A4D8}.Debug|Any CPU.Build.0 = Debug|Any CPU
		{674F432B-B4A1-4A3B-8F81-26F3AE38A4D8}.Release|Any CPU.ActiveCfg = Release|Any CPU
		{674F432B-B4A1-4A3B-8F81-26F3AE38A4D8}.Release|Any CPU.Build.0 = Release|Any CPU
		{9D197EE5-5894-4326-8865-366AA789F454}.Debug|Any CPU.ActiveCfg = Debug|Any CPU
		{9D197EE5-5894-4326-8865-366AA789F454}.Debug|Any CPU.Build.0 = Debug|Any CPU
		{9D197EE5-5894-4326-8865-366AA789F454}.Release|Any CPU.ActiveCfg = Release|Any CPU
		{9D197EE5-5894-4326-8865-366AA789F454}.Release|Any CPU.Build.0 = Release|Any CPU
		{344C48CD-DB50-4071-8C32-5885486CE68E}.Debug|Any CPU.ActiveCfg = Debug|Any CPU
		{344C48CD-DB50-4071-8C32-5885486CE68E}.Debug|Any CPU.Build.0 = Debug|Any CPU
		{344C48CD-DB50-4071-8C32-5885486CE68E}.Release|Any CPU.ActiveCfg = Release|Any CPU
		{344C48CD-DB50-4071-8C32-5885486CE68E}.Release|Any CPU.Build.0 = Release|Any CPU
		{CA8410E2-EE0B-432D-A669-F3F184F9471C}.Debug|Any CPU.ActiveCfg = Debug|Any CPU
		{CA8410E2-EE0B-432D-A669-F3F184F9471C}.Debug|Any CPU.Build.0 = Debug|Any CPU
		{CA8410E2-EE0B-432D-A669-F3F184F9471C}.Release|Any CPU.ActiveCfg = Release|Any CPU
		{CA8410E2-EE0B-432D-A669-F3F184F9471C}.Release|Any CPU.Build.0 = Release|Any CPU
		{3B5AD639-B8FE-4B0B-BAED-8A51D75D1633}.Debug|Any CPU.ActiveCfg = Debug|Any CPU
		{3B5AD639-B8FE-4B0B-BAED-8A51D75D1633}.Debug|Any CPU.Build.0 = Debug|Any CPU
		{3B5AD639-B8FE-4B0B-BAED-8A51D75D1633}.Release|Any CPU.ActiveCfg = Release|Any CPU
		{3B5AD639-B8FE-4B0B-BAED-8A51D75D1633}.Release|Any CPU.Build.0 = Release|Any CPU
		{1F5C989C-A979-44FB-911F-8632BD9FE858}.Debug|Any CPU.ActiveCfg = Debug|Any CPU
		{1F5C989C-A979-44FB-911F-8632BD9FE858}.Debug|Any CPU.Build.0 = Debug|Any CPU
		{1F5C989C-A979-44FB-911F-8632BD9FE858}.Release|Any CPU.ActiveCfg = Release|Any CPU
		{1F5C989C-A979-44FB-911F-8632BD9FE858}.Release|Any CPU.Build.0 = Release|Any CPU
		{13A0DA3C-E7BB-489B-B03C-8D0ACCE77841}.Debug|Any CPU.ActiveCfg = Debug|Any CPU
		{13A0DA3C-E7BB-489B-B03C-8D0ACCE77841}.Debug|Any CPU.Build.0 = Debug|Any CPU
		{13A0DA3C-E7BB-489B-B03C-8D0ACCE77841}.Release|Any CPU.ActiveCfg = Release|Any CPU
		{13A0DA3C-E7BB-489B-B03C-8D0ACCE77841}.Release|Any CPU.Build.0 = Release|Any CPU
		{CA9613F1-7053-4CB4-8D92-7DF16E7A8AB5}.Debug|Any CPU.ActiveCfg = Debug|Any CPU
		{CA9613F1-7053-4CB4-8D92-7DF16E7A8AB5}.Debug|Any CPU.Build.0 = Debug|Any CPU
		{CA9613F1-7053-4CB4-8D92-7DF16E7A8AB5}.Release|Any CPU.ActiveCfg = Release|Any CPU
		{CA9613F1-7053-4CB4-8D92-7DF16E7A8AB5}.Release|Any CPU.Build.0 = Release|Any CPU
		{7971CB0D-94C8-4E9B-85A7-21655360DD83}.Debug|Any CPU.ActiveCfg = Debug|Any CPU
		{7971CB0D-94C8-4E9B-85A7-21655360DD83}.Debug|Any CPU.Build.0 = Debug|Any CPU
		{7971CB0D-94C8-4E9B-85A7-21655360DD83}.Release|Any CPU.ActiveCfg = Release|Any CPU
		{7971CB0D-94C8-4E9B-85A7-21655360DD83}.Release|Any CPU.Build.0 = Release|Any CPU
		{EDCACC00-7B30-4732-8435-27ADC9DB50DA}.Debug|Any CPU.ActiveCfg = Debug|Any CPU
		{EDCACC00-7B30-4732-8435-27ADC9DB50DA}.Debug|Any CPU.Build.0 = Debug|Any CPU
		{EDCACC00-7B30-4732-8435-27ADC9DB50DA}.Release|Any CPU.ActiveCfg = Release|Any CPU
		{EDCACC00-7B30-4732-8435-27ADC9DB50DA}.Release|Any CPU.Build.0 = Release|Any CPU
		{574678E9-25AF-4CBF-95C6-F1D2394E738D}.Debug|Any CPU.ActiveCfg = Debug|Any CPU
		{574678E9-25AF-4CBF-95C6-F1D2394E738D}.Debug|Any CPU.Build.0 = Debug|Any CPU
		{574678E9-25AF-4CBF-95C6-F1D2394E738D}.Release|Any CPU.ActiveCfg = Release|Any CPU
		{574678E9-25AF-4CBF-95C6-F1D2394E738D}.Release|Any CPU.Build.0 = Release|Any CPU
		{313DEA91-BC56-46E5-A4DB-DE1B52BFE93E}.Debug|Any CPU.ActiveCfg = Debug|Any CPU
		{313DEA91-BC56-46E5-A4DB-DE1B52BFE93E}.Debug|Any CPU.Build.0 = Debug|Any CPU
		{313DEA91-BC56-46E5-A4DB-DE1B52BFE93E}.Release|Any CPU.ActiveCfg = Release|Any CPU
		{313DEA91-BC56-46E5-A4DB-DE1B52BFE93E}.Release|Any CPU.Build.0 = Release|Any CPU
		{13BC328C-E448-42F4-A2BF-1BF89F714F67}.Debug|Any CPU.ActiveCfg = Debug|Any CPU
		{13BC328C-E448-42F4-A2BF-1BF89F714F67}.Debug|Any CPU.Build.0 = Debug|Any CPU
		{13BC328C-E448-42F4-A2BF-1BF89F714F67}.Release|Any CPU.ActiveCfg = Release|Any CPU
		{13BC328C-E448-42F4-A2BF-1BF89F714F67}.Release|Any CPU.Build.0 = Release|Any CPU
		{FEDFFBE5-CE01-4B92-90EE-1D7D11B35097}.Debug|Any CPU.ActiveCfg = Debug|Any CPU
		{FEDFFBE5-CE01-4B92-90EE-1D7D11B35097}.Debug|Any CPU.Build.0 = Debug|Any CPU
		{FEDFFBE5-CE01-4B92-90EE-1D7D11B35097}.Release|Any CPU.ActiveCfg = Release|Any CPU
		{FEDFFBE5-CE01-4B92-90EE-1D7D11B35097}.Release|Any CPU.Build.0 = Release|Any CPU
	EndGlobalSection
	GlobalSection(SolutionProperties) = preSolution
		HideSolutionNode = FALSE
	EndGlobalSection
	GlobalSection(NestedProjects) = preSolution
		{54269501-CF49-4039-8726-4D4638C06E18} = {A6D635D1-256F-4CA3-9269-F3D263229894}
		{A6D635D1-256F-4CA3-9269-F3D263229894} = {35FC99F5-3CDC-408B-8999-F340BB75C63B}
		{996718D0-9D14-48FC-B198-68083C4BE42C} = {35FC99F5-3CDC-408B-8999-F340BB75C63B}
		{7F131D9C-DBBB-4503-98A6-898EF2E3CDA0} = {996718D0-9D14-48FC-B198-68083C4BE42C}
		{6228C73E-E0B2-4C07-80BA-27FE54D608BC} = {35FC99F5-3CDC-408B-8999-F340BB75C63B}
		{3C629043-F3F8-4BD8-ACA2-3DC855256CC7} = {6228C73E-E0B2-4C07-80BA-27FE54D608BC}
		{E39DE808-7E90-441B-A6FF-97489C6ED294} = {35FC99F5-3CDC-408B-8999-F340BB75C63B}
		{6285DBC4-7D4C-481F-B872-A4409810019F} = {E39DE808-7E90-441B-A6FF-97489C6ED294}
		{71BFD820-0394-4395-9D4C-EE10DBE0DC9E} = {35FC99F5-3CDC-408B-8999-F340BB75C63B}
		{B1141412-96DD-4DCC-8415-1A661ED54323} = {71BFD820-0394-4395-9D4C-EE10DBE0DC9E}
		{4D38C7E1-9C9B-4EB2-BFB5-6FC9AFF1E774} = {35FC99F5-3CDC-408B-8999-F340BB75C63B}
		{4D3B4BB9-B97D-40AC-AC15-4B46EAE49E4E} = {4D38C7E1-9C9B-4EB2-BFB5-6FC9AFF1E774}
		{53CA9BE2-1C81-4895-B05E-D165C1451D74} = {35FC99F5-3CDC-408B-8999-F340BB75C63B}
		{F213D5B2-5A45-4332-9D34-EE76878910CE} = {53CA9BE2-1C81-4895-B05E-D165C1451D74}
		{0F17468F-6CDD-4BAC-B16B-B06C9B86BAC9} = {53CA9BE2-1C81-4895-B05E-D165C1451D74}
		{C0B18206-CF2C-403B-A6D7-28CCD30B4DF0} = {35FC99F5-3CDC-408B-8999-F340BB75C63B}
		{B20D30F9-1CB9-4719-AB35-474DAA913F6B} = {C0B18206-CF2C-403B-A6D7-28CCD30B4DF0}
		{E5DD812D-3D96-410F-9E90-00248491742C} = {35FC99F5-3CDC-408B-8999-F340BB75C63B}
		{056A7919-3005-48AA-A4EC-CEFA6ECE7B27} = {E5DD812D-3D96-410F-9E90-00248491742C}
		{6A2C5E56-6F64-4D61-9752-A448F34FF81D} = {35FC99F5-3CDC-408B-8999-F340BB75C63B}
		{6698A64D-A4DB-4A2A-A85F-232E8635BDD1} = {6A2C5E56-6F64-4D61-9752-A448F34FF81D}
		{74264770-163D-4327-8C24-8C9D50E509DC} = {35FC99F5-3CDC-408B-8999-F340BB75C63B}
		{B3BDC643-6163-4402-9E84-002FF8326B22} = {74264770-163D-4327-8C24-8C9D50E509DC}
		{0CB3EA43-80F8-4848-BE70-D264650160F6} = {35FC99F5-3CDC-408B-8999-F340BB75C63B}
		{BCB36152-F04C-4FEE-9A54-6739FF07D182} = {0CB3EA43-80F8-4848-BE70-D264650160F6}
		{E325A68C-C4F4-409B-ADCE-383E588F56AF} = {35FC99F5-3CDC-408B-8999-F340BB75C63B}
		{8847964A-E6D9-4469-9072-0307DFE0ED11} = {E325A68C-C4F4-409B-ADCE-383E588F56AF}
		{03FFB844-2DD6-4AB0-ABA3-D571ADA99FEE} = {835E6AB8-FBFC-47C0-89EF-84A00D827EA2}
		{90EEDEE2-1CC1-4EFB-9B37-9C50471A53F4} = {03FFB844-2DD6-4AB0-ABA3-D571ADA99FEE}
		{A83EC192-B2F4-45FD-B1B0-46D3C83880FD} = {835E6AB8-FBFC-47C0-89EF-84A00D827EA2}
		{E401ABAD-BCB9-4159-90E0-2910DAF4B0EA} = {A83EC192-B2F4-45FD-B1B0-46D3C83880FD}
		{EC763B0B-E555-490F-A51C-D714AD323459} = {835E6AB8-FBFC-47C0-89EF-84A00D827EA2}
		{CAF5FD94-C491-47E3-9E2F-B0B59E5037DD} = {EC763B0B-E555-490F-A51C-D714AD323459}
		{4524C211-35DF-404F-857A-5C3F3A5C070A} = {835E6AB8-FBFC-47C0-89EF-84A00D827EA2}
		{674F432B-B4A1-4A3B-8F81-26F3AE38A4D8} = {4524C211-35DF-404F-857A-5C3F3A5C070A}
		{2A9035D0-C276-42DF-9D62-FA303DFF23AE} = {835E6AB8-FBFC-47C0-89EF-84A00D827EA2}
		{9D197EE5-5894-4326-8865-366AA789F454} = {2A9035D0-C276-42DF-9D62-FA303DFF23AE}
		{344C48CD-DB50-4071-8C32-5885486CE68E} = {2A9035D0-C276-42DF-9D62-FA303DFF23AE}
		{3B860F11-FF02-447A-B3A9-6FCDE06FD650} = {835E6AB8-FBFC-47C0-89EF-84A00D827EA2}
		{CA8410E2-EE0B-432D-A669-F3F184F9471C} = {3B860F11-FF02-447A-B3A9-6FCDE06FD650}
		{9E299438-0819-4821-9B6A-E15AF1508A19} = {835E6AB8-FBFC-47C0-89EF-84A00D827EA2}
		{3B5AD639-B8FE-4B0B-BAED-8A51D75D1633} = {9E299438-0819-4821-9B6A-E15AF1508A19}
		{329D577E-65F2-479D-9D7D-AF5757DD48F7} = {835E6AB8-FBFC-47C0-89EF-84A00D827EA2}
		{1F5C989C-A979-44FB-911F-8632BD9FE858} = {329D577E-65F2-479D-9D7D-AF5757DD48F7}
		{2A39968F-C056-4354-A9A8-043DE0DB7714} = {835E6AB8-FBFC-47C0-89EF-84A00D827EA2}
		{13A0DA3C-E7BB-489B-B03C-8D0ACCE77841} = {2A39968F-C056-4354-A9A8-043DE0DB7714}
		{35324187-7707-4956-BE08-00E6FCA05EB2} = {835E6AB8-FBFC-47C0-89EF-84A00D827EA2}
		{CA9613F1-7053-4CB4-8D92-7DF16E7A8AB5} = {35324187-7707-4956-BE08-00E6FCA05EB2}
		{B0943CC5-41FA-4DCB-A0AC-D289C1C17A6C} = {835E6AB8-FBFC-47C0-89EF-84A00D827EA2}
		{7971CB0D-94C8-4E9B-85A7-21655360DD83} = {B0943CC5-41FA-4DCB-A0AC-D289C1C17A6C}
		{EBC99BF6-FE5C-4A4D-93E2-3E1A2B4D6F60} = {835E6AB8-FBFC-47C0-89EF-84A00D827EA2}
		{EDCACC00-7B30-4732-8435-27ADC9DB50DA} = {EBC99BF6-FE5C-4A4D-93E2-3E1A2B4D6F60}
		{313DEA91-BC56-46E5-A4DB-DE1B52BFE93E} = {1709AA53-2077-4613-A7FF-9CB552B43280}
		{13BC328C-E448-42F4-A2BF-1BF89F714F67} = {1709AA53-2077-4613-A7FF-9CB552B43280}
		{FEDFFBE5-CE01-4B92-90EE-1D7D11B35097} = {1709AA53-2077-4613-A7FF-9CB552B43280}
	EndGlobalSection
	GlobalSection(ExtensibilityGlobals) = postSolution
		SolutionGuid = {10C38A22-1476-48FD-9928-D7DDDD178FD2}
	EndGlobalSection
EndGlobal
